
Microsoft Visual Studio Solution File, Format Version 12.00
# Visual Studio Version 17
VisualStudioVersion = 17.0.31912.275
MinimumVisualStudioVersion = 10.0.40219.1
Project("{FAE04EC0-301F-11D3-BF4B-00C04F79EFBC}") = "module4", "module4\module4.csproj", "{AD3E75FC-4D01-47C7-A6BC-B37EB63E8953}"
EndProject
Global
	GlobalSection(SolutionConfigurationPlatforms) = preSolution
		Debug|Any CPU = Debug|Any CPU
		Release|Any CPU = Release|Any CPU
	EndGlobalSection
	GlobalSection(ProjectConfigurationPlatforms) = postSolution
		{AD3E75FC-4D01-47C7-A6BC-B37EB63E8953}.Debug|Any CPU.ActiveCfg = Debug|Any CPU
		{AD3E75FC-4D01-47C7-A6BC-B37EB63E8953}.Debug|Any CPU.Build.0 = Debug|Any CPU
		{AD3E75FC-4D01-47C7-A6BC-B37EB63E8953}.Release|Any CPU.ActiveCfg = Release|Any CPU
		{AD3E75FC-4D01-47C7-A6BC-B37EB63E8953}.Release|Any CPU.Build.0 = Release|Any CPU
	EndGlobalSection
	GlobalSection(SolutionProperties) = preSolution
		HideSolutionNode = FALSE
	EndGlobalSection
	GlobalSection(ExtensibilityGlobals) = postSolution
		SolutionGuid = {CFDD7339-17C7-4569-A19B-4A993D78E295}
	EndGlobalSection
EndGlobal
